// !$*UTF8*$!
{
	archiveVersion = 1;
	classes = {
	};
	objectVersion = 46;
	objects = {

/* Begin PBXBuildFile section */
		32F70B2F198024CE00F1DED3 /* MATAnimatedTileOverlay.m in Sources */ = {isa = PBXBuildFile; fileRef = 32F70B25198024CE00F1DED3 /* MATAnimatedTileOverlay.m */; };
		32F70B30198024CE00F1DED3 /* MATAnimatedTileOverlayRenderer.m in Sources */ = {isa = PBXBuildFile; fileRef = 32F70B28198024CE00F1DED3 /* MATAnimatedTileOverlayRenderer.m */; };
		32F70B31198024CE00F1DED3 /* MATAnimationTile.m in Sources */ = {isa = PBXBuildFile; fileRef = 32F70B2A198024CE00F1DED3 /* MATAnimationTile.m */; };
		32F70B32198024CE00F1DED3 /* MKMapView+Extras.m in Sources */ = {isa = PBXBuildFile; fileRef = 32F70B2C198024CE00F1DED3 /* MKMapView+Extras.m */; };
		32F70B33198024CE00F1DED3 /* MKOverzoomTileOverlayRenderer.m in Sources */ = {isa = PBXBuildFile; fileRef = 32F70B2E198024CE00F1DED3 /* MKOverzoomTileOverlayRenderer.m */; };
		32F70B35198024ED00F1DED3 /* MapKit.framework in Frameworks */ = {isa = PBXBuildFile; fileRef = 32F70B34198024ED00F1DED3 /* MapKit.framework */; };
		32F70B371980250200F1DED3 /* CoreGraphics.framework in Frameworks */ = {isa = PBXBuildFile; fileRef = 32F70B361980250200F1DED3 /* CoreGraphics.framework */; };
		9B49BC0F19490BD000094005 /* Foundation.framework in Frameworks */ = {isa = PBXBuildFile; fileRef = 9B49BC0E19490BD000094005 /* Foundation.framework */; };
		9B49BC1D19490BD000094005 /* XCTest.framework in Frameworks */ = {isa = PBXBuildFile; fileRef = 9B49BC1C19490BD000094005 /* XCTest.framework */; };
		9B49BC1E19490BD000094005 /* Foundation.framework in Frameworks */ = {isa = PBXBuildFile; fileRef = 9B49BC0E19490BD000094005 /* Foundation.framework */; };
		9B49BC2319490BD000094005 /* libMapTileAnimation.a in Frameworks */ = {isa = PBXBuildFile; fileRef = 9B49BC0B19490BD000094005 /* libMapTileAnimation.a */; };
		9B49BC2919490BD000094005 /* InfoPlist.strings in Resources */ = {isa = PBXBuildFile; fileRef = 9B49BC2719490BD000094005 /* InfoPlist.strings */; };
		9B49BC2B19490BD000094005 /* MapTileAnimationTests.m in Sources */ = {isa = PBXBuildFile; fileRef = 9B49BC2A19490BD000094005 /* MapTileAnimationTests.m */; };
/* End PBXBuildFile section */

/* Begin PBXContainerItemProxy section */
		9B49BC2119490BD000094005 /* PBXContainerItemProxy */ = {
			isa = PBXContainerItemProxy;
			containerPortal = 9B49BC0319490BD000094005 /* Project object */;
			proxyType = 1;
			remoteGlobalIDString = 9B49BC0A19490BD000094005;
			remoteInfo = MapTileAnimation;
		};
/* End PBXContainerItemProxy section */

/* Begin PBXCopyFilesBuildPhase section */
		9B49BC0919490BD000094005 /* CopyFiles */ = {
			isa = PBXCopyFilesBuildPhase;
			buildActionMask = 2147483647;
			dstPath = "include/$(PRODUCT_NAME)";
			dstSubfolderSpec = 16;
			files = (
			);
			runOnlyForDeploymentPostprocessing = 0;
		};
/* End PBXCopyFilesBuildPhase section */

/* Begin PBXFileReference section */
		32F70B23198024CE00F1DED3 /* MapTileAnimation-Prefix.pch */ = {isa = PBXFileReference; fileEncoding = 4; lastKnownFileType = sourcecode.c.h; path = "MapTileAnimation-Prefix.pch"; sourceTree = "<group>"; };
		32F70B24198024CE00F1DED3 /* MATAnimatedTileOverlay.h */ = {isa = PBXFileReference; fileEncoding = 4; lastKnownFileType = sourcecode.c.h; path = MATAnimatedTileOverlay.h; sourceTree = "<group>"; };
		32F70B25198024CE00F1DED3 /* MATAnimatedTileOverlay.m */ = {isa = PBXFileReference; fileEncoding = 4; lastKnownFileType = sourcecode.c.objc; path = MATAnimatedTileOverlay.m; sourceTree = "<group>"; };
		32F70B26198024CE00F1DED3 /* MATAnimatedTileOverlayDelegate.h */ = {isa = PBXFileReference; fileEncoding = 4; lastKnownFileType = sourcecode.c.h; path = MATAnimatedTileOverlayDelegate.h; sourceTree = "<group>"; };
		32F70B27198024CE00F1DED3 /* MATAnimatedTileOverlayRenderer.h */ = {isa = PBXFileReference; fileEncoding = 4; lastKnownFileType = sourcecode.c.h; path = MATAnimatedTileOverlayRenderer.h; sourceTree = "<group>"; };
		32F70B28198024CE00F1DED3 /* MATAnimatedTileOverlayRenderer.m */ = {isa = PBXFileReference; fileEncoding = 4; lastKnownFileType = sourcecode.c.objc; path = MATAnimatedTileOverlayRenderer.m; sourceTree = "<group>"; };
		32F70B29198024CE00F1DED3 /* MATAnimationTile.h */ = {isa = PBXFileReference; fileEncoding = 4; lastKnownFileType = sourcecode.c.h; path = MATAnimationTile.h; sourceTree = "<group>"; };
		32F70B2A198024CE00F1DED3 /* MATAnimationTile.m */ = {isa = PBXFileReference; fileEncoding = 4; lastKnownFileType = sourcecode.c.objc; path = MATAnimationTile.m; sourceTree = "<group>"; };
		32F70B2B198024CE00F1DED3 /* MKMapView+Extras.h */ = {isa = PBXFileReference; fileEncoding = 4; lastKnownFileType = sourcecode.c.h; path = "MKMapView+Extras.h"; sourceTree = "<group>"; };
		32F70B2C198024CE00F1DED3 /* MKMapView+Extras.m */ = {isa = PBXFileReference; fileEncoding = 4; lastKnownFileType = sourcecode.c.objc; path = "MKMapView+Extras.m"; sourceTree = "<group>"; };
		32F70B2D198024CE00F1DED3 /* MKOverzoomTileOverlayRenderer.h */ = {isa = PBXFileReference; fileEncoding = 4; lastKnownFileType = sourcecode.c.h; path = MKOverzoomTileOverlayRenderer.h; sourceTree = "<group>"; };
		32F70B2E198024CE00F1DED3 /* MKOverzoomTileOverlayRenderer.m */ = {isa = PBXFileReference; fileEncoding = 4; lastKnownFileType = sourcecode.c.objc; path = MKOverzoomTileOverlayRenderer.m; sourceTree = "<group>"; };
		32F70B34198024ED00F1DED3 /* MapKit.framework */ = {isa = PBXFileReference; lastKnownFileType = wrapper.framework; name = MapKit.framework; path = System/Library/Frameworks/MapKit.framework; sourceTree = SDKROOT; };
		32F70B361980250200F1DED3 /* CoreGraphics.framework */ = {isa = PBXFileReference; lastKnownFileType = wrapper.framework; name = CoreGraphics.framework; path = System/Library/Frameworks/CoreGraphics.framework; sourceTree = SDKROOT; };
		9B49BC0B19490BD000094005 /* libMapTileAnimation.a */ = {isa = PBXFileReference; explicitFileType = archive.ar; includeInIndex = 0; path = libMapTileAnimation.a; sourceTree = BUILT_PRODUCTS_DIR; };
		9B49BC0E19490BD000094005 /* Foundation.framework */ = {isa = PBXFileReference; lastKnownFileType = wrapper.framework; name = Foundation.framework; path = System/Library/Frameworks/Foundation.framework; sourceTree = SDKROOT; };
		9B49BC1219490BD000094005 /* MapTileAnimation-Prefix.pch */ = {isa = PBXFileReference; lastKnownFileType = sourcecode.c.h; path = "MapTileAnimation-Prefix.pch"; sourceTree = "<group>"; };
		9B49BC1B19490BD000094005 /* MapTileAnimationTests.xctest */ = {isa = PBXFileReference; explicitFileType = wrapper.cfbundle; includeInIndex = 0; path = MapTileAnimationTests.xctest; sourceTree = BUILT_PRODUCTS_DIR; };
		9B49BC1C19490BD000094005 /* XCTest.framework */ = {isa = PBXFileReference; lastKnownFileType = wrapper.framework; name = XCTest.framework; path = Library/Frameworks/XCTest.framework; sourceTree = DEVELOPER_DIR; };
		9B49BC2619490BD000094005 /* MapTileAnimationTests-Info.plist */ = {isa = PBXFileReference; lastKnownFileType = text.plist.xml; path = "MapTileAnimationTests-Info.plist"; sourceTree = "<group>"; };
		9B49BC2819490BD000094005 /* en */ = {isa = PBXFileReference; lastKnownFileType = text.plist.strings; name = en; path = en.lproj/InfoPlist.strings; sourceTree = "<group>"; };
		9B49BC2A19490BD000094005 /* MapTileAnimationTests.m */ = {isa = PBXFileReference; lastKnownFileType = sourcecode.c.objc; path = MapTileAnimationTests.m; sourceTree = "<group>"; };
/* End PBXFileReference section */

/* Begin PBXFrameworksBuildPhase section */
		9B49BC0819490BD000094005 /* Frameworks */ = {
			isa = PBXFrameworksBuildPhase;
			buildActionMask = 2147483647;
			files = (
				32F70B371980250200F1DED3 /* CoreGraphics.framework in Frameworks */,
				32F70B35198024ED00F1DED3 /* MapKit.framework in Frameworks */,
				9B49BC0F19490BD000094005 /* Foundation.framework in Frameworks */,
			);
			runOnlyForDeploymentPostprocessing = 0;
		};
		9B49BC1819490BD000094005 /* Frameworks */ = {
			isa = PBXFrameworksBuildPhase;
			buildActionMask = 2147483647;
			files = (
				9B49BC1D19490BD000094005 /* XCTest.framework in Frameworks */,
				9B49BC1E19490BD000094005 /* Foundation.framework in Frameworks */,
				9B49BC2319490BD000094005 /* libMapTileAnimation.a in Frameworks */,
			);
			runOnlyForDeploymentPostprocessing = 0;
		};
/* End PBXFrameworksBuildPhase section */

/* Begin PBXGroup section */
		9B49BC0219490BD000094005 = {
			isa = PBXGroup;
			children = (
				9B49BC1019490BD000094005 /* MapTileAnimation */,
				9B49BC2419490BD000094005 /* MapTileAnimationTests */,
				9B49BC0D19490BD000094005 /* Frameworks */,
				9B49BC0C19490BD000094005 /* Products */,
			);
			sourceTree = "<group>";
		};
		9B49BC0C19490BD000094005 /* Products */ = {
			isa = PBXGroup;
			children = (
				9B49BC0B19490BD000094005 /* libMapTileAnimation.a */,
				9B49BC1B19490BD000094005 /* MapTileAnimationTests.xctest */,
			);
			name = Products;
			sourceTree = "<group>";
		};
		9B49BC0D19490BD000094005 /* Frameworks */ = {
			isa = PBXGroup;
			children = (
				32F70B361980250200F1DED3 /* CoreGraphics.framework */,
				32F70B34198024ED00F1DED3 /* MapKit.framework */,
				9B49BC0E19490BD000094005 /* Foundation.framework */,
				9B49BC1C19490BD000094005 /* XCTest.framework */,
			);
			name = Frameworks;
			sourceTree = "<group>";
		};
		9B49BC1019490BD000094005 /* MapTileAnimation */ = {
			isa = PBXGroup;
			children = (
				32F70B23198024CE00F1DED3 /* MapTileAnimation-Prefix.pch */,
				32F70B24198024CE00F1DED3 /* MATAnimatedTileOverlay.h */,
				32F70B25198024CE00F1DED3 /* MATAnimatedTileOverlay.m */,
				32F70B26198024CE00F1DED3 /* MATAnimatedTileOverlayDelegate.h */,
				32F70B27198024CE00F1DED3 /* MATAnimatedTileOverlayRenderer.h */,
				32F70B28198024CE00F1DED3 /* MATAnimatedTileOverlayRenderer.m */,
				32F70B29198024CE00F1DED3 /* MATAnimationTile.h */,
				32F70B2A198024CE00F1DED3 /* MATAnimationTile.m */,
				32F70B2B198024CE00F1DED3 /* MKMapView+Extras.h */,
				32F70B2C198024CE00F1DED3 /* MKMapView+Extras.m */,
				32F70B2D198024CE00F1DED3 /* MKOverzoomTileOverlayRenderer.h */,
				32F70B2E198024CE00F1DED3 /* MKOverzoomTileOverlayRenderer.m */,
				9B49BC1119490BD000094005 /* Supporting Files */,
			);
			path = MapTileAnimation;
			sourceTree = "<group>";
		};
		9B49BC1119490BD000094005 /* Supporting Files */ = {
			isa = PBXGroup;
			children = (
				9B49BC1219490BD000094005 /* MapTileAnimation-Prefix.pch */,
			);
			name = "Supporting Files";
			sourceTree = "<group>";
		};
		9B49BC2419490BD000094005 /* MapTileAnimationTests */ = {
			isa = PBXGroup;
			children = (
				9B49BC2A19490BD000094005 /* MapTileAnimationTests.m */,
				9B49BC2519490BD000094005 /* Supporting Files */,
			);
			path = MapTileAnimationTests;
			sourceTree = "<group>";
		};
		9B49BC2519490BD000094005 /* Supporting Files */ = {
			isa = PBXGroup;
			children = (
				9B49BC2619490BD000094005 /* MapTileAnimationTests-Info.plist */,
				9B49BC2719490BD000094005 /* InfoPlist.strings */,
			);
			name = "Supporting Files";
			sourceTree = "<group>";
		};
/* End PBXGroup section */

/* Begin PBXNativeTarget section */
		9B49BC0A19490BD000094005 /* MapTileAnimation */ = {
			isa = PBXNativeTarget;
			buildConfigurationList = 9B49BC2E19490BD000094005 /* Build configuration list for PBXNativeTarget "MapTileAnimation" */;
			buildPhases = (
				9B49BC0719490BD000094005 /* Sources */,
				9B49BC0819490BD000094005 /* Frameworks */,
				9B49BC0919490BD000094005 /* CopyFiles */,
			);
			buildRules = (
			);
			dependencies = (
			);
			name = MapTileAnimation;
			productName = MapTileAnimation;
			productReference = 9B49BC0B19490BD000094005 /* libMapTileAnimation.a */;
			productType = "com.apple.product-type.library.static";
		};
		9B49BC1A19490BD000094005 /* MapTileAnimationTests */ = {
			isa = PBXNativeTarget;
			buildConfigurationList = 9B49BC3119490BD000094005 /* Build configuration list for PBXNativeTarget "MapTileAnimationTests" */;
			buildPhases = (
				9B49BC1719490BD000094005 /* Sources */,
				9B49BC1819490BD000094005 /* Frameworks */,
				9B49BC1919490BD000094005 /* Resources */,
			);
			buildRules = (
			);
			dependencies = (
				9B49BC2219490BD000094005 /* PBXTargetDependency */,
			);
			name = MapTileAnimationTests;
			productName = MapTileAnimationTests;
			productReference = 9B49BC1B19490BD000094005 /* MapTileAnimationTests.xctest */;
			productType = "com.apple.product-type.bundle.unit-test";
		};
/* End PBXNativeTarget section */

/* Begin PBXProject section */
		9B49BC0319490BD000094005 /* Project object */ = {
			isa = PBXProject;
			attributes = {
				LastUpgradeCheck = 0510;
				ORGANIZATIONNAME = "The Climate Corporation";
			};
			buildConfigurationList = 9B49BC0619490BD000094005 /* Build configuration list for PBXProject "MapTileAnimation" */;
			compatibilityVersion = "Xcode 3.2";
			developmentRegion = English;
			hasScannedForEncodings = 0;
			knownRegions = (
				en,
			);
			mainGroup = 9B49BC0219490BD000094005;
			productRefGroup = 9B49BC0C19490BD000094005 /* Products */;
			projectDirPath = "";
			projectRoot = "";
			targets = (
				9B49BC0A19490BD000094005 /* MapTileAnimation */,
				9B49BC1A19490BD000094005 /* MapTileAnimationTests */,
			);
		};
/* End PBXProject section */

/* Begin PBXResourcesBuildPhase section */
		9B49BC1919490BD000094005 /* Resources */ = {
			isa = PBXResourcesBuildPhase;
			buildActionMask = 2147483647;
			files = (
				9B49BC2919490BD000094005 /* InfoPlist.strings in Resources */,
			);
			runOnlyForDeploymentPostprocessing = 0;
		};
/* End PBXResourcesBuildPhase section */

/* Begin PBXSourcesBuildPhase section */
		9B49BC0719490BD000094005 /* Sources */ = {
			isa = PBXSourcesBuildPhase;
			buildActionMask = 2147483647;
			files = (
				32F70B32198024CE00F1DED3 /* MKMapView+Extras.m in Sources */,
				32F70B30198024CE00F1DED3 /* MATAnimatedTileOverlayRenderer.m in Sources */,
				32F70B31198024CE00F1DED3 /* MATAnimationTile.m in Sources */,
				32F70B2F198024CE00F1DED3 /* MATAnimatedTileOverlay.m in Sources */,
				32F70B33198024CE00F1DED3 /* MKOverzoomTileOverlayRenderer.m in Sources */,
			);
			runOnlyForDeploymentPostprocessing = 0;
		};
		9B49BC1719490BD000094005 /* Sources */ = {
			isa = PBXSourcesBuildPhase;
			buildActionMask = 2147483647;
			files = (
				9B49BC2B19490BD000094005 /* MapTileAnimationTests.m in Sources */,
			);
			runOnlyForDeploymentPostprocessing = 0;
		};
/* End PBXSourcesBuildPhase section */

/* Begin PBXTargetDependency section */
		9B49BC2219490BD000094005 /* PBXTargetDependency */ = {
			isa = PBXTargetDependency;
			target = 9B49BC0A19490BD000094005 /* MapTileAnimation */;
			targetProxy = 9B49BC2119490BD000094005 /* PBXContainerItemProxy */;
		};
/* End PBXTargetDependency section */

/* Begin PBXVariantGroup section */
		9B49BC2719490BD000094005 /* InfoPlist.strings */ = {
			isa = PBXVariantGroup;
			children = (
				9B49BC2819490BD000094005 /* en */,
			);
			name = InfoPlist.strings;
			sourceTree = "<group>";
		};
/* End PBXVariantGroup section */

/* Begin XCBuildConfiguration section */
		9B49BC2C19490BD000094005 /* Debug */ = {
			isa = XCBuildConfiguration;
			buildSettings = {
				ALWAYS_SEARCH_USER_PATHS = NO;
				CLANG_CXX_LANGUAGE_STANDARD = "gnu++0x";
				CLANG_CXX_LIBRARY = "libc++";
				CLANG_ENABLE_MODULES = YES;
				CLANG_ENABLE_OBJC_ARC = YES;
				CLANG_WARN_BOOL_CONVERSION = YES;
				CLANG_WARN_CONSTANT_CONVERSION = YES;
				CLANG_WARN_DIRECT_OBJC_ISA_USAGE = YES_ERROR;
				CLANG_WARN_EMPTY_BODY = YES;
				CLANG_WARN_ENUM_CONVERSION = YES;
				CLANG_WARN_INT_CONVERSION = YES;
				CLANG_WARN_OBJC_ROOT_CLASS = YES_ERROR;
				CLANG_WARN__DUPLICATE_METHOD_MATCH = YES;
				COPY_PHASE_STRIP = NO;
				GCC_C_LANGUAGE_STANDARD = gnu99;
				GCC_DYNAMIC_NO_PIC = NO;
				GCC_OPTIMIZATION_LEVEL = 0;
				GCC_PREPROCESSOR_DEFINITIONS = (
					"DEBUG=1",
					"$(inherited)",
				);
				GCC_SYMBOLS_PRIVATE_EXTERN = NO;
				GCC_WARN_64_TO_32_BIT_CONVERSION = YES;
				GCC_WARN_ABOUT_RETURN_TYPE = YES_ERROR;
				GCC_WARN_UNDECLARED_SELECTOR = YES;
				GCC_WARN_UNINITIALIZED_AUTOS = YES_AGGRESSIVE;
				GCC_WARN_UNUSED_FUNCTION = YES;
				GCC_WARN_UNUSED_VARIABLE = YES;
				IPHONEOS_DEPLOYMENT_TARGET = 7.1;
				ONLY_ACTIVE_ARCH = YES;
				SDKROOT = iphoneos;
			};
			name = Debug;
		};
		9B49BC2D19490BD000094005 /* Release */ = {
			isa = XCBuildConfiguration;
			buildSettings = {
				ALWAYS_SEARCH_USER_PATHS = NO;
				CLANG_CXX_LANGUAGE_STANDARD = "gnu++0x";
				CLANG_CXX_LIBRARY = "libc++";
				CLANG_ENABLE_MODULES = YES;
				CLANG_ENABLE_OBJC_ARC = YES;
				CLANG_WARN_BOOL_CONVERSION = YES;
				CLANG_WARN_CONSTANT_CONVERSION = YES;
				CLANG_WARN_DIRECT_OBJC_ISA_USAGE = YES_ERROR;
				CLANG_WARN_EMPTY_BODY = YES;
				CLANG_WARN_ENUM_CONVERSION = YES;
				CLANG_WARN_INT_CONVERSION = YES;
				CLANG_WARN_OBJC_ROOT_CLASS = YES_ERROR;
				CLANG_WARN__DUPLICATE_METHOD_MATCH = YES;
				COPY_PHASE_STRIP = YES;
				ENABLE_NS_ASSERTIONS = NO;
				GCC_C_LANGUAGE_STANDARD = gnu99;
				GCC_WARN_64_TO_32_BIT_CONVERSION = YES;
				GCC_WARN_ABOUT_RETURN_TYPE = YES_ERROR;
				GCC_WARN_UNDECLARED_SELECTOR = YES;
				GCC_WARN_UNINITIALIZED_AUTOS = YES_AGGRESSIVE;
				GCC_WARN_UNUSED_FUNCTION = YES;
				GCC_WARN_UNUSED_VARIABLE = YES;
				IPHONEOS_DEPLOYMENT_TARGET = 7.1;
				SDKROOT = iphoneos;
				VALIDATE_PRODUCT = YES;
			};
			name = Release;
		};
		9B49BC2F19490BD000094005 /* Debug */ = {
			isa = XCBuildConfiguration;
			buildSettings = {
				DSTROOT = /tmp/MapTileAnimation.dst;
				GCC_PRECOMPILE_PREFIX_HEADER = YES;
				GCC_PREFIX_HEADER = "MapTileAnimation/MapTileAnimation-Prefix.pch";
				OTHER_LDFLAGS = "-ObjC";
				PRODUCT_NAME = "$(TARGET_NAME)";
				SKIP_INSTALL = YES;
			};
			name = Debug;
		};
		9B49BC3019490BD000094005 /* Release */ = {
			isa = XCBuildConfiguration;
			buildSettings = {
				DSTROOT = /tmp/MapTileAnimation.dst;
				GCC_PRECOMPILE_PREFIX_HEADER = YES;
				GCC_PREFIX_HEADER = "MapTileAnimation/MapTileAnimation-Prefix.pch";
				OTHER_LDFLAGS = "-ObjC";
				PRODUCT_NAME = "$(TARGET_NAME)";
				SKIP_INSTALL = YES;
			};
			name = Release;
		};
		9B49BC3219490BD000094005 /* Debug */ = {
			isa = XCBuildConfiguration;
			buildSettings = {
				FRAMEWORK_SEARCH_PATHS = (
					"$(SDKROOT)/Developer/Library/Frameworks",
					"$(inherited)",
					"$(DEVELOPER_FRAMEWORKS_DIR)",
				);
				GCC_PRECOMPILE_PREFIX_HEADER = YES;
				GCC_PREFIX_HEADER = "MapTileAnimation/MapTileAnimation-Prefix.pch";
				GCC_PREPROCESSOR_DEFINITIONS = (
					"DEBUG=1",
					"$(inherited)",
				);
				INFOPLIST_FILE = "MapTileAnimationTests/MapTileAnimationTests-Info.plist";
				PRODUCT_NAME = "$(TARGET_NAME)";
				WRAPPER_EXTENSION = xctest;
			};
			name = Debug;
		};
		9B49BC3319490BD000094005 /* Release */ = {
			isa = XCBuildConfiguration;
			buildSettings = {
				FRAMEWORK_SEARCH_PATHS = (
					"$(SDKROOT)/Developer/Library/Frameworks",
					"$(inherited)",
					"$(DEVELOPER_FRAMEWORKS_DIR)",
				);
				GCC_PRECOMPILE_PREFIX_HEADER = YES;
				GCC_PREFIX_HEADER = "MapTileAnimation/MapTileAnimation-Prefix.pch";
				INFOPLIST_FILE = "MapTileAnimationTests/MapTileAnimationTests-Info.plist";
				PRODUCT_NAME = "$(TARGET_NAME)";
				WRAPPER_EXTENSION = xctest;
			};
			name = Release;
		};
/* End XCBuildConfiguration section */

/* Begin XCConfigurationList section */
		9B49BC0619490BD000094005 /* Build configuration list for PBXProject "MapTileAnimation" */ = {
			isa = XCConfigurationList;
			buildConfigurations = (
				9B49BC2C19490BD000094005 /* Debug */,
				9B49BC2D19490BD000094005 /* Release */,
			);
			defaultConfigurationIsVisible = 0;
			defaultConfigurationName = Release;
		};
		9B49BC2E19490BD000094005 /* Build configuration list for PBXNativeTarget "MapTileAnimation" */ = {
			isa = XCConfigurationList;
			buildConfigurations = (
				9B49BC2F19490BD000094005 /* Debug */,
				9B49BC3019490BD000094005 /* Release */,
			);
			defaultConfigurationIsVisible = 0;
			defaultConfigurationName = Release;
		};
		9B49BC3119490BD000094005 /* Build configuration list for PBXNativeTarget "MapTileAnimationTests" */ = {
			isa = XCConfigurationList;
			buildConfigurations = (
				9B49BC3219490BD000094005 /* Debug */,
				9B49BC3319490BD000094005 /* Release */,
			);
			defaultConfigurationIsVisible = 0;
			defaultConfigurationName = Release;
		};
/* End XCConfigurationList section */
	};
	rootObject = 9B49BC0319490BD000094005 /* Project object */;
}
