// !$*UTF8*$!
{
	archiveVersion = 1;
	classes = {
	};
	objectVersion = 46;
	objects = {

/* Begin PBXBuildFile section */
		0A12C55C230593DB0010AB6D /* Launch Screen.storyboard in Resources */ = {isa = PBXBuildFile; fileRef = 0A12C55B230593DB0010AB6D /* Launch Screen.storyboard */; };
		3269A4F2194911C2003F1AE3 /* MapKit.framework in Frameworks */ = {isa = PBXBuildFile; fileRef = 3269A4F1194911C2003F1AE3 /* MapKit.framework */; };
		9B49BBC519490A5700094005 /* Foundation.framework in Frameworks */ = {isa = PBXBuildFile; fileRef = 9B49BBC419490A5700094005 /* Foundation.framework */; };
		9B49BBC719490A5700094005 /* CoreGraphics.framework in Frameworks */ = {isa = PBXBuildFile; fileRef = 9B49BBC619490A5700094005 /* CoreGraphics.framework */; };
		9B49BBC919490A5700094005 /* UIKit.framework in Frameworks */ = {isa = PBXBuildFile; fileRef = 9B49BBC819490A5700094005 /* UIKit.framework */; };
		9B49BBCF19490A5700094005 /* InfoPlist.strings in Resources */ = {isa = PBXBuildFile; fileRef = 9B49BBCD19490A5700094005 /* InfoPlist.strings */; };
		9B49BBD119490A5700094005 /* main.m in Sources */ = {isa = PBXBuildFile; fileRef = 9B49BBD019490A5700094005 /* main.m */; };
		9B49BBD519490A5700094005 /* TCCAppDelegate.m in Sources */ = {isa = PBXBuildFile; fileRef = 9B49BBD419490A5700094005 /* TCCAppDelegate.m */; };
		9B49BBD819490A5700094005 /* Main_iPhone.storyboard in Resources */ = {isa = PBXBuildFile; fileRef = 9B49BBD619490A5700094005 /* Main_iPhone.storyboard */; };
		9B49BBDB19490A5700094005 /* Main_iPad.storyboard in Resources */ = {isa = PBXBuildFile; fileRef = 9B49BBD919490A5700094005 /* Main_iPad.storyboard */; };
		9B49BBE019490A5700094005 /* Images.xcassets in Resources */ = {isa = PBXBuildFile; fileRef = 9B49BBDF19490A5700094005 /* Images.xcassets */; };
		9B49BC0019490AAE00094005 /* TCCMapViewController.m in Sources */ = {isa = PBXBuildFile; fileRef = 9B49BBFD19490AAE00094005 /* TCCMapViewController.m */; };
		9B49BC0119490AAE00094005 /* TCCTimeFrameParser.m in Sources */ = {isa = PBXBuildFile; fileRef = 9B49BBFF19490AAE00094005 /* TCCTimeFrameParser.m */; };
		C29D524B773BA848081E9281 /* libPods-MapTileAnimationDemo.a in Frameworks */ = {isa = PBXBuildFile; fileRef = E65F5DDF8F7C93D560597A34 /* libPods-MapTileAnimationDemo.a */; };
/* End PBXBuildFile section */

/* Begin PBXFileReference section */
		0A12C55B230593DB0010AB6D /* Launch Screen.storyboard */ = {isa = PBXFileReference; lastKnownFileType = file.storyboard; path = "Launch Screen.storyboard"; sourceTree = "<group>"; };
		231E57AA91CD9F10FA345C0F /* Pods-MapTileAnimationDemo.release.xcconfig */ = {isa = PBXFileReference; includeInIndex = 1; lastKnownFileType = text.xcconfig; name = "Pods-MapTileAnimationDemo.release.xcconfig"; path = "Pods/Target Support Files/Pods-MapTileAnimationDemo/Pods-MapTileAnimationDemo.release.xcconfig"; sourceTree = "<group>"; };
		3269A4F1194911C2003F1AE3 /* MapKit.framework */ = {isa = PBXFileReference; lastKnownFileType = wrapper.framework; name = MapKit.framework; path = System/Library/Frameworks/MapKit.framework; sourceTree = SDKROOT; };
		9B49BBC119490A5700094005 /* MapTileAnimationDemo.app */ = {isa = PBXFileReference; explicitFileType = wrapper.application; includeInIndex = 0; path = MapTileAnimationDemo.app; sourceTree = BUILT_PRODUCTS_DIR; };
		9B49BBC419490A5700094005 /* Foundation.framework */ = {isa = PBXFileReference; lastKnownFileType = wrapper.framework; name = Foundation.framework; path = System/Library/Frameworks/Foundation.framework; sourceTree = SDKROOT; };
		9B49BBC619490A5700094005 /* CoreGraphics.framework */ = {isa = PBXFileReference; lastKnownFileType = wrapper.framework; name = CoreGraphics.framework; path = System/Library/Frameworks/CoreGraphics.framework; sourceTree = SDKROOT; };
		9B49BBC819490A5700094005 /* UIKit.framework */ = {isa = PBXFileReference; lastKnownFileType = wrapper.framework; name = UIKit.framework; path = System/Library/Frameworks/UIKit.framework; sourceTree = SDKROOT; };
		9B49BBCC19490A5700094005 /* MapTileAnimationDemo-Info.plist */ = {isa = PBXFileReference; lastKnownFileType = text.plist.xml; path = "MapTileAnimationDemo-Info.plist"; sourceTree = "<group>"; };
		9B49BBCE19490A5700094005 /* en */ = {isa = PBXFileReference; lastKnownFileType = text.plist.strings; name = en; path = en.lproj/InfoPlist.strings; sourceTree = "<group>"; };
		9B49BBD019490A5700094005 /* main.m */ = {isa = PBXFileReference; lastKnownFileType = sourcecode.c.objc; path = main.m; sourceTree = "<group>"; };
		9B49BBD219490A5700094005 /* MapTileAnimationDemo-Prefix.pch */ = {isa = PBXFileReference; lastKnownFileType = sourcecode.c.h; path = "MapTileAnimationDemo-Prefix.pch"; sourceTree = "<group>"; };
		9B49BBD319490A5700094005 /* TCCAppDelegate.h */ = {isa = PBXFileReference; lastKnownFileType = sourcecode.c.h; path = TCCAppDelegate.h; sourceTree = "<group>"; };
		9B49BBD419490A5700094005 /* TCCAppDelegate.m */ = {isa = PBXFileReference; lastKnownFileType = sourcecode.c.objc; path = TCCAppDelegate.m; sourceTree = "<group>"; };
		9B49BBD719490A5700094005 /* Base */ = {isa = PBXFileReference; lastKnownFileType = file.storyboard; name = Base; path = Base.lproj/Main_iPhone.storyboard; sourceTree = "<group>"; };
		9B49BBDA19490A5700094005 /* Base */ = {isa = PBXFileReference; lastKnownFileType = file.storyboard; name = Base; path = Base.lproj/Main_iPad.storyboard; sourceTree = "<group>"; };
		9B49BBDF19490A5700094005 /* Images.xcassets */ = {isa = PBXFileReference; lastKnownFileType = folder.assetcatalog; path = Images.xcassets; sourceTree = "<group>"; };
		9B49BBE619490A5700094005 /* XCTest.framework */ = {isa = PBXFileReference; lastKnownFileType = wrapper.framework; name = XCTest.framework; path = Library/Frameworks/XCTest.framework; sourceTree = DEVELOPER_DIR; };
		9B49BBFC19490AAE00094005 /* TCCMapViewController.h */ = {isa = PBXFileReference; fileEncoding = 4; lastKnownFileType = sourcecode.c.h; path = TCCMapViewController.h; sourceTree = "<group>"; };
		9B49BBFD19490AAE00094005 /* TCCMapViewController.m */ = {isa = PBXFileReference; fileEncoding = 4; lastKnownFileType = sourcecode.c.objc; path = TCCMapViewController.m; sourceTree = "<group>"; };
		9B49BBFE19490AAE00094005 /* TCCTimeFrameParser.h */ = {isa = PBXFileReference; fileEncoding = 4; lastKnownFileType = sourcecode.c.h; path = TCCTimeFrameParser.h; sourceTree = "<group>"; };
		9B49BBFF19490AAE00094005 /* TCCTimeFrameParser.m */ = {isa = PBXFileReference; fileEncoding = 4; lastKnownFileType = sourcecode.c.objc; path = TCCTimeFrameParser.m; sourceTree = "<group>"; };
		D3CFA8F43769FA0530846A82 /* Pods-MapTileAnimationDemo.debug.xcconfig */ = {isa = PBXFileReference; includeInIndex = 1; lastKnownFileType = text.xcconfig; name = "Pods-MapTileAnimationDemo.debug.xcconfig"; path = "Pods/Target Support Files/Pods-MapTileAnimationDemo/Pods-MapTileAnimationDemo.debug.xcconfig"; sourceTree = "<group>"; };
		E65F5DDF8F7C93D560597A34 /* libPods-MapTileAnimationDemo.a */ = {isa = PBXFileReference; explicitFileType = archive.ar; includeInIndex = 0; path = "libPods-MapTileAnimationDemo.a"; sourceTree = BUILT_PRODUCTS_DIR; };
/* End PBXFileReference section */

/* Begin PBXFrameworksBuildPhase section */
		9B49BBBE19490A5700094005 /* Frameworks */ = {
			isa = PBXFrameworksBuildPhase;
			buildActionMask = 2147483647;
			files = (
				3269A4F2194911C2003F1AE3 /* MapKit.framework in Frameworks */,
				9B49BBC719490A5700094005 /* CoreGraphics.framework in Frameworks */,
				9B49BBC919490A5700094005 /* UIKit.framework in Frameworks */,
				9B49BBC519490A5700094005 /* Foundation.framework in Frameworks */,
				C29D524B773BA848081E9281 /* libPods-MapTileAnimationDemo.a in Frameworks */,
			);
			runOnlyForDeploymentPostprocessing = 0;
		};
/* End PBXFrameworksBuildPhase section */

/* Begin PBXGroup section */
		8D98493CBA6999D189137800 /* Pods */ = {
			isa = PBXGroup;
			children = (
				D3CFA8F43769FA0530846A82 /* Pods-MapTileAnimationDemo.debug.xcconfig */,
				231E57AA91CD9F10FA345C0F /* Pods-MapTileAnimationDemo.release.xcconfig */,
			);
			name = Pods;
			sourceTree = "<group>";
		};
		9B49BBB819490A5700094005 = {
			isa = PBXGroup;
			children = (
				9B49BBCA19490A5700094005 /* MapTileAnimationDemo */,
				9B49BBC319490A5700094005 /* Frameworks */,
				9B49BBC219490A5700094005 /* Products */,
				8D98493CBA6999D189137800 /* Pods */,
			);
			sourceTree = "<group>";
		};
		9B49BBC219490A5700094005 /* Products */ = {
			isa = PBXGroup;
			children = (
				9B49BBC119490A5700094005 /* MapTileAnimationDemo.app */,
			);
			name = Products;
			sourceTree = "<group>";
		};
		9B49BBC319490A5700094005 /* Frameworks */ = {
			isa = PBXGroup;
			children = (
				3269A4F1194911C2003F1AE3 /* MapKit.framework */,
				9B49BBC419490A5700094005 /* Foundation.framework */,
				9B49BBC619490A5700094005 /* CoreGraphics.framework */,
				9B49BBC819490A5700094005 /* UIKit.framework */,
				9B49BBE619490A5700094005 /* XCTest.framework */,
				E65F5DDF8F7C93D560597A34 /* libPods-MapTileAnimationDemo.a */,
			);
			name = Frameworks;
			sourceTree = "<group>";
		};
		9B49BBCA19490A5700094005 /* MapTileAnimationDemo */ = {
			isa = PBXGroup;
			children = (
				9B49BBFC19490AAE00094005 /* TCCMapViewController.h */,
				9B49BBFD19490AAE00094005 /* TCCMapViewController.m */,
				9B49BBFE19490AAE00094005 /* TCCTimeFrameParser.h */,
				9B49BBFF19490AAE00094005 /* TCCTimeFrameParser.m */,
				9B49BBD619490A5700094005 /* Main_iPhone.storyboard */,
				9B49BBD919490A5700094005 /* Main_iPad.storyboard */,
				9B49BBCB19490A5700094005 /* Supporting Files */,
				0A12C55B230593DB0010AB6D /* Launch Screen.storyboard */,
			);
			path = MapTileAnimationDemo;
			sourceTree = "<group>";
		};
		9B49BBCB19490A5700094005 /* Supporting Files */ = {
			isa = PBXGroup;
			children = (
				9B49BBDF19490A5700094005 /* Images.xcassets */,
				9B49BBD319490A5700094005 /* TCCAppDelegate.h */,
				9B49BBD419490A5700094005 /* TCCAppDelegate.m */,
				9B49BBCC19490A5700094005 /* MapTileAnimationDemo-Info.plist */,
				9B49BBCD19490A5700094005 /* InfoPlist.strings */,
				9B49BBD019490A5700094005 /* main.m */,
				9B49BBD219490A5700094005 /* MapTileAnimationDemo-Prefix.pch */,
			);
			name = "Supporting Files";
			sourceTree = "<group>";
		};
/* End PBXGroup section */

/* Begin PBXNativeTarget section */
		9B49BBC019490A5700094005 /* MapTileAnimationDemo */ = {
			isa = PBXNativeTarget;
			buildConfigurationList = 9B49BBF619490A5700094005 /* Build configuration list for PBXNativeTarget "MapTileAnimationDemo" */;
			buildPhases = (
				620D5DDD57E584D8CBC16855 /* [CP] Check Pods Manifest.lock */,
				9B49BBBD19490A5700094005 /* Sources */,
				9B49BBBE19490A5700094005 /* Frameworks */,
				9B49BBBF19490A5700094005 /* Resources */,
			);
			buildRules = (
			);
			dependencies = (
			);
			name = MapTileAnimationDemo;
			productName = MapTileAnimationDemo;
			productReference = 9B49BBC119490A5700094005 /* MapTileAnimationDemo.app */;
			productType = "com.apple.product-type.application";
		};
/* End PBXNativeTarget section */

/* Begin PBXProject section */
		9B49BBB919490A5700094005 /* Project object */ = {
			isa = PBXProject;
			attributes = {
				CLASSPREFIX = TCC;
				LastUpgradeCheck = 0940;
				ORGANIZATIONNAME = "The Climate Corporation";
			};
			buildConfigurationList = 9B49BBBC19490A5700094005 /* Build configuration list for PBXProject "MapTileAnimationDemo" */;
			compatibilityVersion = "Xcode 3.2";
			developmentRegion = en;
			hasScannedForEncodings = 0;
			knownRegions = (
				en,
				Base,
			);
			mainGroup = 9B49BBB819490A5700094005;
			productRefGroup = 9B49BBC219490A5700094005 /* Products */;
			projectDirPath = "";
			projectRoot = "";
			targets = (
				9B49BBC019490A5700094005 /* MapTileAnimationDemo */,
			);
		};
/* End PBXProject section */

/* Begin PBXResourcesBuildPhase section */
		9B49BBBF19490A5700094005 /* Resources */ = {
			isa = PBXResourcesBuildPhase;
			buildActionMask = 2147483647;
			files = (
				9B49BBDB19490A5700094005 /* Main_iPad.storyboard in Resources */,
				9B49BBE019490A5700094005 /* Images.xcassets in Resources */,
				9B49BBD819490A5700094005 /* Main_iPhone.storyboard in Resources */,
				0A12C55C230593DB0010AB6D /* Launch Screen.storyboard in Resources */,
				9B49BBCF19490A5700094005 /* InfoPlist.strings in Resources */,
			);
			runOnlyForDeploymentPostprocessing = 0;
		};
/* End PBXResourcesBuildPhase section */

/* Begin PBXShellScriptBuildPhase section */
		620D5DDD57E584D8CBC16855 /* [CP] Check Pods Manifest.lock */ = {
			isa = PBXShellScriptBuildPhase;
			buildActionMask = 2147483647;
			files = (
			);
			inputPaths = (
				"${PODS_PODFILE_DIR_PATH}/Podfile.lock",
				"${PODS_ROOT}/Manifest.lock",
			);
			name = "[CP] Check Pods Manifest.lock";
			outputPaths = (
				"$(DERIVED_FILE_DIR)/Pods-MapTileAnimationDemo-checkManifestLockResult.txt",
			);
			runOnlyForDeploymentPostprocessing = 0;
			shellPath = /bin/sh;
			shellScript = "diff \"${PODS_PODFILE_DIR_PATH}/Podfile.lock\" \"${PODS_ROOT}/Manifest.lock\" > /dev/null\nif [ $? != 0 ] ; then\n    # print error to STDERR\n    echo \"error: The sandbox is not in sync with the Podfile.lock. Run 'pod install' or update your CocoaPods installation.\" >&2\n    exit 1\nfi\n# This output is used by Xcode 'outputs' to avoid re-running this script phase.\necho \"SUCCESS\" > \"${SCRIPT_OUTPUT_FILE_0}\"\n";
			showEnvVarsInLog = 0;
		};
/* End PBXShellScriptBuildPhase section */

/* Begin PBXSourcesBuildPhase section */
		9B49BBBD19490A5700094005 /* Sources */ = {
			isa = PBXSourcesBuildPhase;
			buildActionMask = 2147483647;
			files = (
				9B49BC0119490AAE00094005 /* TCCTimeFrameParser.m in Sources */,
				9B49BBD119490A5700094005 /* main.m in Sources */,
				9B49BC0019490AAE00094005 /* TCCMapViewController.m in Sources */,
				9B49BBD519490A5700094005 /* TCCAppDelegate.m in Sources */,
			);
			runOnlyForDeploymentPostprocessing = 0;
		};
/* End PBXSourcesBuildPhase section */

/* Begin PBXVariantGroup section */
		9B49BBCD19490A5700094005 /* InfoPlist.strings */ = {
			isa = PBXVariantGroup;
			children = (
				9B49BBCE19490A5700094005 /* en */,
			);
			name = InfoPlist.strings;
			sourceTree = "<group>";
		};
		9B49BBD619490A5700094005 /* Main_iPhone.storyboard */ = {
			isa = PBXVariantGroup;
			children = (
				9B49BBD719490A5700094005 /* Base */,
			);
			name = Main_iPhone.storyboard;
			sourceTree = "<group>";
		};
		9B49BBD919490A5700094005 /* Main_iPad.storyboard */ = {
			isa = PBXVariantGroup;
			children = (
				9B49BBDA19490A5700094005 /* Base */,
			);
			name = Main_iPad.storyboard;
			sourceTree = "<group>";
		};
/* End PBXVariantGroup section */

/* Begin XCBuildConfiguration section */
		9B49BBF419490A5700094005 /* Debug */ = {
			isa = XCBuildConfiguration;
			buildSettings = {
				ALWAYS_SEARCH_USER_PATHS = NO;
				CLANG_CXX_LANGUAGE_STANDARD = "gnu++0x";
				CLANG_CXX_LIBRARY = "libc++";
				CLANG_ENABLE_MODULES = YES;
				CLANG_ENABLE_OBJC_ARC = YES;
				CLANG_WARN_BLOCK_CAPTURE_AUTORELEASING = YES;
				CLANG_WARN_BOOL_CONVERSION = YES;
				CLANG_WARN_COMMA = YES;
				CLANG_WARN_CONSTANT_CONVERSION = YES;
				CLANG_WARN_DEPRECATED_OBJC_IMPLEMENTATIONS = YES;
				CLANG_WARN_DIRECT_OBJC_ISA_USAGE = YES_ERROR;
				CLANG_WARN_EMPTY_BODY = YES;
				CLANG_WARN_ENUM_CONVERSION = YES;
				CLANG_WARN_INFINITE_RECURSION = YES;
				CLANG_WARN_INT_CONVERSION = YES;
				CLANG_WARN_NON_LITERAL_NULL_CONVERSION = YES;
				CLANG_WARN_OBJC_IMPLICIT_RETAIN_SELF = YES;
				CLANG_WARN_OBJC_LITERAL_CONVERSION = YES;
				CLANG_WARN_OBJC_ROOT_CLASS = YES_ERROR;
				CLANG_WARN_RANGE_LOOP_ANALYSIS = YES;
				CLANG_WARN_STRICT_PROTOTYPES = YES;
				CLANG_WARN_SUSPICIOUS_MOVE = YES;
				CLANG_WARN_UNREACHABLE_CODE = YES;
				CLANG_WARN__DUPLICATE_METHOD_MATCH = YES;
				"CODE_SIGN_IDENTITY[sdk=iphoneos*]" = "iPhone Developer";
				COPY_PHASE_STRIP = NO;
				ENABLE_STRICT_OBJC_MSGSEND = YES;
				ENABLE_TESTABILITY = YES;
				GCC_C_LANGUAGE_STANDARD = gnu99;
				GCC_DYNAMIC_NO_PIC = NO;
				GCC_NO_COMMON_BLOCKS = YES;
				GCC_OPTIMIZATION_LEVEL = 0;
				GCC_PREPROCESSOR_DEFINITIONS = (
					"DEBUG=1",
					"$(inherited)",
				);
				GCC_SYMBOLS_PRIVATE_EXTERN = NO;
				GCC_WARN_64_TO_32_BIT_CONVERSION = YES;
				GCC_WARN_ABOUT_RETURN_TYPE = YES_ERROR;
				GCC_WARN_UNDECLARED_SELECTOR = YES;
				GCC_WARN_UNINITIALIZED_AUTOS = YES_AGGRESSIVE;
				GCC_WARN_UNUSED_FUNCTION = YES;
				GCC_WARN_UNUSED_VARIABLE = YES;
				IPHONEOS_DEPLOYMENT_TARGET = 9.0;
				ONLY_ACTIVE_ARCH = YES;
				SDKROOT = iphoneos;
				TARGETED_DEVICE_FAMILY = "1,2";
			};
			name = Debug;
		};
		9B49BBF519490A5700094005 /* Release */ = {
			isa = XCBuildConfiguration;
			buildSettings = {
				ALWAYS_SEARCH_USER_PATHS = NO;
				CLANG_CXX_LANGUAGE_STANDARD = "gnu++0x";
				CLANG_CXX_LIBRARY = "libc++";
				CLANG_ENABLE_MODULES = YES;
				CLANG_ENABLE_OBJC_ARC = YES;
				CLANG_WARN_BLOCK_CAPTURE_AUTORELEASING = YES;
				CLANG_WARN_BOOL_CONVERSION = YES;
				CLANG_WARN_COMMA = YES;
				CLANG_WARN_CONSTANT_CONVERSION = YES;
				CLANG_WARN_DEPRECATED_OBJC_IMPLEMENTATIONS = YES;
				CLANG_WARN_DIRECT_OBJC_ISA_USAGE = YES_ERROR;
				CLANG_WARN_EMPTY_BODY = YES;
				CLANG_WARN_ENUM_CONVERSION = YES;
				CLANG_WARN_INFINITE_RECURSION = YES;
				CLANG_WARN_INT_CONVERSION = YES;
				CLANG_WARN_NON_LITERAL_NULL_CONVERSION = YES;
				CLANG_WARN_OBJC_IMPLICIT_RETAIN_SELF = YES;
				CLANG_WARN_OBJC_LITERAL_CONVERSION = YES;
				CLANG_WARN_OBJC_ROOT_CLASS = YES_ERROR;
				CLANG_WARN_RANGE_LOOP_ANALYSIS = YES;
				CLANG_WARN_STRICT_PROTOTYPES = YES;
				CLANG_WARN_SUSPICIOUS_MOVE = YES;
				CLANG_WARN_UNREACHABLE_CODE = YES;
				CLANG_WARN__DUPLICATE_METHOD_MATCH = YES;
				"CODE_SIGN_IDENTITY[sdk=iphoneos*]" = "iPhone Developer";
				COPY_PHASE_STRIP = YES;
				ENABLE_NS_ASSERTIONS = NO;
				ENABLE_STRICT_OBJC_MSGSEND = YES;
				GCC_C_LANGUAGE_STANDARD = gnu99;
				GCC_NO_COMMON_BLOCKS = YES;
				GCC_WARN_64_TO_32_BIT_CONVERSION = YES;
				GCC_WARN_ABOUT_RETURN_TYPE = YES_ERROR;
				GCC_WARN_UNDECLARED_SELECTOR = YES;
				GCC_WARN_UNINITIALIZED_AUTOS = YES_AGGRESSIVE;
				GCC_WARN_UNUSED_FUNCTION = YES;
				GCC_WARN_UNUSED_VARIABLE = YES;
				IPHONEOS_DEPLOYMENT_TARGET = 9.0;
				SDKROOT = iphoneos;
				TARGETED_DEVICE_FAMILY = "1,2";
				VALIDATE_PRODUCT = YES;
			};
			name = Release;
		};
		9B49BBF719490A5700094005 /* Debug */ = {
			isa = XCBuildConfiguration;
			baseConfigurationReference = D3CFA8F43769FA0530846A82 /* Pods-MapTileAnimationDemo.debug.xcconfig */;
			buildSettings = {
				ASSETCATALOG_COMPILER_APPICON_NAME = AppIcon;
				GCC_PRECOMPILE_PREFIX_HEADER = YES;
				GCC_PREFIX_HEADER = "MapTileAnimationDemo/MapTileAnimationDemo-Prefix.pch";
				INFOPLIST_FILE = "MapTileAnimationDemo/MapTileAnimationDemo-Info.plist";
				IPHONEOS_DEPLOYMENT_TARGET = 9.0;
				PRODUCT_BUNDLE_IDENTIFIER = "com.TCC.${PRODUCT_NAME:rfc1034identifier}";
				PRODUCT_NAME = "$(TARGET_NAME)";
				WRAPPER_EXTENSION = app;
			};
			name = Debug;
		};
		9B49BBF819490A5700094005 /* Release */ = {
			isa = XCBuildConfiguration;
			baseConfigurationReference = 231E57AA91CD9F10FA345C0F /* Pods-MapTileAnimationDemo.release.xcconfig */;
			buildSettings = {
				ASSETCATALOG_COMPILER_APPICON_NAME = AppIcon;
				GCC_PRECOMPILE_PREFIX_HEADER = YES;
				GCC_PREFIX_HEADER = "MapTileAnimationDemo/MapTileAnimationDemo-Prefix.pch";
				INFOPLIST_FILE = "MapTileAnimationDemo/MapTileAnimationDemo-Info.plist";
				IPHONEOS_DEPLOYMENT_TARGET = 9.0;
				PRODUCT_BUNDLE_IDENTIFIER = "com.TCC.${PRODUCT_NAME:rfc1034identifier}";
				PRODUCT_NAME = "$(TARGET_NAME)";
				WRAPPER_EXTENSION = app;
			};
			name = Release;
		};
/* End XCBuildConfiguration section */

/* Begin XCConfigurationList section */
		9B49BBBC19490A5700094005 /* Build configuration list for PBXProject "MapTileAnimationDemo" */ = {
			isa = XCConfigurationList;
			buildConfigurations = (
				9B49BBF419490A5700094005 /* Debug */,
				9B49BBF519490A5700094005 /* Release */,
			);
			defaultConfigurationIsVisible = 0;
			defaultConfigurationName = Release;
		};
		9B49BBF619490A5700094005 /* Build configuration list for PBXNativeTarget "MapTileAnimationDemo" */ = {
			isa = XCConfigurationList;
			buildConfigurations = (
				9B49BBF719490A5700094005 /* Debug */,
				9B49BBF819490A5700094005 /* Release */,
			);
			defaultConfigurationIsVisible = 0;
			defaultConfigurationName = Release;
		};
/* End XCConfigurationList section */
	};
	rootObject = 9B49BBB919490A5700094005 /* Project object */;
}
